
Microsoft Visual Studio Solution File, Format Version 12.00
Project("{FAE04EC0-301F-11D3-BF4B-00C04F79EFBC}") = "PlanificationEntretien", "PlanificationEntretien\PlanificationEntretien.csproj", "{5114FA42-9018-41D8-AB16-F47E837DD92D}"
EndProject
Project("{FAE04EC0-301F-11D3-BF4B-00C04F79EFBC}") = "PlanificationEntretien.Tests", "PlanificationEntretien.Tests\PlanificationEntretien.Tests.csproj", "{D42D8AA5-D78C-441A-90CD-17F1643F74CE}"
EndProject
Project("{FAE04EC0-301F-11D3-BF4B-00C04F79EFBC}") = "Cqrs", "Cqrs\Cqrs.csproj", "{C2A8487F-80D1-4B56-939D-C0F4A1B24BCB}"
EndProject
Global
	GlobalSection(SolutionConfigurationPlatforms) = preSolution
		Debug|Any CPU = Debug|Any CPU
		Release|Any CPU = Release|Any CPU
	EndGlobalSection
	GlobalSection(ProjectConfigurationPlatforms) = postSolution
		{5114FA42-9018-41D8-AB16-F47E837DD92D}.Debug|Any CPU.ActiveCfg = Debug|Any CPU
		{5114FA42-9018-41D8-AB16-F47E837DD92D}.Debug|Any CPU.Build.0 = Debug|Any CPU
		{5114FA42-9018-41D8-AB16-F47E837DD92D}.Release|Any CPU.ActiveCfg = Release|Any CPU
		{5114FA42-9018-41D8-AB16-F47E837DD92D}.Release|Any CPU.Build.0 = Release|Any CPU
		{D42D8AA5-D78C-441A-90CD-17F1643F74CE}.Debug|Any CPU.ActiveCfg = Debug|Any CPU
		{D42D8AA5-D78C-441A-90CD-17F1643F74CE}.Debug|Any CPU.Build.0 = Debug|Any CPU
		{D42D8AA5-D78C-441A-90CD-17F1643F74CE}.Release|Any CPU.ActiveCfg = Release|Any CPU
		{D42D8AA5-D78C-441A-90CD-17F1643F74CE}.Release|Any CPU.Build.0 = Release|Any CPU
		{C2A8487F-80D1-4B56-939D-C0F4A1B24BCB}.Debug|Any CPU.ActiveCfg = Debug|Any CPU
		{C2A8487F-80D1-4B56-939D-C0F4A1B24BCB}.Debug|Any CPU.Build.0 = Debug|Any CPU
		{C2A8487F-80D1-4B56-939D-C0F4A1B24BCB}.Release|Any CPU.ActiveCfg = Release|Any CPU
		{C2A8487F-80D1-4B56-939D-C0F4A1B24BCB}.Release|Any CPU.Build.0 = Release|Any CPU
	EndGlobalSection
EndGlobal
