
Microsoft Visual Studio Solution File, Format Version 12.00
Project("{FAE04EC0-301F-11D3-BF4B-00C04F79EFBC}") = "PlanificationEntretien.Tests", "PlanificationEntretien.Tests\PlanificationEntretien.Tests.csproj", "{30574FA1-4E41-43E0-995F-05FC9413D15D}"
EndProject
Project("{FAE04EC0-301F-11D3-BF4B-00C04F79EFBC}") = "PlanificationEntretien", "PlanificationEntretien\PlanificationEntretien.csproj", "{BDEDD23C-D4E8-4DAA-AFBA-90FAEBA49B5F}"
EndProject
Global
	GlobalSection(SolutionConfigurationPlatforms) = preSolution
		Debug|Any CPU = Debug|Any CPU
		Release|Any CPU = Release|Any CPU
	EndGlobalSection
	GlobalSection(ProjectConfigurationPlatforms) = postSolution
		{30574FA1-4E41-43E0-995F-05FC9413D15D}.Debug|Any CPU.ActiveCfg = Debug|Any CPU
		{30574FA1-4E41-43E0-995F-05FC9413D15D}.Debug|Any CPU.Build.0 = Debug|Any CPU
		{30574FA1-4E41-43E0-995F-05FC9413D15D}.Release|Any CPU.ActiveCfg = Release|Any CPU
		{30574FA1-4E41-43E0-995F-05FC9413D15D}.Release|Any CPU.Build.0 = Release|Any CPU
		{BDEDD23C-D4E8-4DAA-AFBA-90FAEBA49B5F}.Debug|Any CPU.ActiveCfg = Debug|Any CPU
		{BDEDD23C-D4E8-4DAA-AFBA-90FAEBA49B5F}.Debug|Any CPU.Build.0 = Debug|Any CPU
		{BDEDD23C-D4E8-4DAA-AFBA-90FAEBA49B5F}.Release|Any CPU.ActiveCfg = Release|Any CPU
		{BDEDD23C-D4E8-4DAA-AFBA-90FAEBA49B5F}.Release|Any CPU.Build.0 = Release|Any CPU
	EndGlobalSection
EndGlobal
